
Microsoft Visual Studio Solution File, Format Version 12.00
# Visual Studio Version 17
VisualStudioVersion = 17.10.34916.146
MinimumVisualStudioVersion = 10.0.40219.1
Project("{8BC9CEB8-8B4A-11D0-8D11-00A0C91BC942}") = "StackHeap", "StackHeap\StackHeap.vcxproj", "{50F0796E-9290-4456-808B-131D5A1238B0}"
EndProject
Global
	GlobalSection(SolutionConfigurationPlatforms) = preSolution
		Debug|x64 = Debug|x64
		Debug|x86 = Debug|x86
		Release|x64 = Release|x64
		Release|x86 = Release|x86
	EndGlobalSection
	GlobalSection(ProjectConfigurationPlatforms) = postSolution
		{50F0796E-9290-4456-808B-131D5A1238B0}.Debug|x64.ActiveCfg = Debug|x64
		{50F0796E-9290-4456-808B-131D5A1238B0}.Debug|x64.Build.0 = Debug|x64
		{50F0796E-9290-4456-808B-131D5A1238B0}.Debug|x86.ActiveCfg = Debug|Win32
		{50F0796E-9290-4456-808B-131D5A1238B0}.Debug|x86.Build.0 = Debug|Win32
		{50F0796E-9290-4456-808B-131D5A1238B0}.Release|x64.ActiveCfg = Release|x64
		{50F0796E-9290-4456-808B-131D5A1238B0}.Release|x64.Build.0 = Release|x64
		{50F0796E-9290-4456-808B-131D5A1238B0}.Release|x86.ActiveCfg = Release|Win32
		{50F0796E-9290-4456-808B-131D5A1238B0}.Release|x86.Build.0 = Release|Win32
	EndGlobalSection
	GlobalSection(SolutionProperties) = preSolution
		HideSolutionNode = FALSE
	EndGlobalSection
	GlobalSection(ExtensibilityGlobals) = postSolution
		SolutionGuid = {864BEC22-9945-486D-A493-13091C984073}
	EndGlobalSection
EndGlobal
